// !$*UTF8*$!
{
	archiveVersion = 1;
	classes = {
	};
	objectVersion = 56;
	objects = {

/* Begin PBXBuildFile section */
		214C6078293A3E3E00D47E6F /* container_for_convert_to_new_version_swift.swift in Sources */ = {isa = PBXBuildFile; fileRef = 214C6077293A3E3E00D47E6F /* container_for_convert_to_new_version_swift.swift */; };
		21AC93102937F34C0040D0AF /* main.swift in Sources */ = {isa = PBXBuildFile; fileRef = 21AC930F2937F34C0040D0AF /* main.swift */; };
		21AC931C2939651C0040D0AF /* trash.swift in Sources */ = {isa = PBXBuildFile; fileRef = 21AC931B2939651C0040D0AF /* trash.swift */; };
/* End PBXBuildFile section */

/* Begin PBXCopyFilesBuildPhase section */
		21AC930A2937F34C0040D0AF /* CopyFiles */ = {
			isa = PBXCopyFilesBuildPhase;
			buildActionMask = 2147483647;
			dstPath = /usr/share/man/man1/;
			dstSubfolderSpec = 0;
			files = (
			);
			runOnlyForDeploymentPostprocessing = 1;
		};
/* End PBXCopyFilesBuildPhase section */

/* Begin PBXFileReference section */
		214C6077293A3E3E00D47E6F /* container_for_convert_to_new_version_swift.swift */ = {isa = PBXFileReference; lastKnownFileType = sourcecode.swift; path = container_for_convert_to_new_version_swift.swift; sourceTree = "<group>"; };
		21AC930C2937F34C0040D0AF /* HW_QA_PDF_Generator_CL_30_11_22 */ = {isa = PBXFileReference; explicitFileType = "compiled.mach-o.executable"; includeInIndex = 0; path = HW_QA_PDF_Generator_CL_30_11_22; sourceTree = BUILT_PRODUCTS_DIR; };
		21AC930F2937F34C0040D0AF /* main.swift */ = {isa = PBXFileReference; lastKnownFileType = sourcecode.swift; path = main.swift; sourceTree = "<group>"; };
		21AC931629391E650040D0AF /* Media.xcassets */ = {isa = PBXFileReference; lastKnownFileType = folder.assetcatalog; path = Media.xcassets; sourceTree = "<group>"; };
		21AC931B2939651C0040D0AF /* trash.swift */ = {isa = PBXFileReference; lastKnownFileType = sourcecode.swift; path = trash.swift; sourceTree = "<group>"; };
/* End PBXFileReference section */

/* Begin PBXFrameworksBuildPhase section */
		21AC93092937F34C0040D0AF /* Frameworks */ = {
			isa = PBXFrameworksBuildPhase;
			buildActionMask = 2147483647;
			files = (
			);
			runOnlyForDeploymentPostprocessing = 0;
		};
/* End PBXFrameworksBuildPhase section */

/* Begin PBXGroup section */
		21AC93032937F34B0040D0AF = {
			isa = PBXGroup;
			children = (
				21AC930E2937F34C0040D0AF /* HW_QA_PDF_Generator_CL_30_11_22 */,
				21AC930D2937F34C0040D0AF /* Products */,
			);
			sourceTree = "<group>";
		};
		21AC930D2937F34C0040D0AF /* Products */ = {
			isa = PBXGroup;
			children = (
				21AC930C2937F34C0040D0AF /* HW_QA_PDF_Generator_CL_30_11_22 */,
			);
			name = Products;
			sourceTree = "<group>";
		};
		21AC930E2937F34C0040D0AF /* HW_QA_PDF_Generator_CL_30_11_22 */ = {
			isa = PBXGroup;
			children = (
				21AC930F2937F34C0040D0AF /* main.swift */,
				214C6077293A3E3E00D47E6F /* container_for_convert_to_new_version_swift.swift */,
				21AC931629391E650040D0AF /* Media.xcassets */,
				21AC931B2939651C0040D0AF /* trash.swift */,
			);
			path = HW_QA_PDF_Generator_CL_30_11_22;
			sourceTree = "<group>";
		};
/* End PBXGroup section */

/* Begin PBXNativeTarget section */
		21AC930B2937F34C0040D0AF /* HW_QA_PDF_Generator_CL_30_11_22 */ = {
			isa = PBXNativeTarget;
			buildConfigurationList = 21AC93132937F34C0040D0AF /* Build configuration list for PBXNativeTarget "HW_QA_PDF_Generator_CL_30_11_22" */;
			buildPhases = (
				21AC93082937F34C0040D0AF /* Sources */,
				21AC93092937F34C0040D0AF /* Frameworks */,
				21AC930A2937F34C0040D0AF /* CopyFiles */,
			);
			buildRules = (
			);
			dependencies = (
			);
			name = HW_QA_PDF_Generator_CL_30_11_22;
			productName = HW_QA_PDF_Generator_CL_30_11_22;
			productReference = 21AC930C2937F34C0040D0AF /* HW_QA_PDF_Generator_CL_30_11_22 */;
			productType = "com.apple.product-type.tool";
		};
/* End PBXNativeTarget section */

/* Begin PBXProject section */
		21AC93042937F34B0040D0AF /* Project object */ = {
			isa = PBXProject;
			attributes = {
				BuildIndependentTargetsInParallel = 1;
				LastSwiftUpdateCheck = 1410;
				LastUpgradeCheck = 1410;
				TargetAttributes = {
					21AC930B2937F34C0040D0AF = {
						CreatedOnToolsVersion = 14.1;
						LastSwiftMigration = "";
					};
				};
			};
			buildConfigurationList = 21AC93072937F34B0040D0AF /* Build configuration list for PBXProject "HW_QA_PDF_Generator_CL_30_11_22" */;
			compatibilityVersion = "Xcode 14.0";
			developmentRegion = en;
			hasScannedForEncodings = 0;
			knownRegions = (
				en,
				Base,
			);
			mainGroup = 21AC93032937F34B0040D0AF;
			productRefGroup = 21AC930D2937F34C0040D0AF /* Products */;
			projectDirPath = "";
			projectRoot = "";
			targets = (
				21AC930B2937F34C0040D0AF /* HW_QA_PDF_Generator_CL_30_11_22 */,
			);
		};
/* End PBXProject section */

/* Begin PBXSourcesBuildPhase section */
		21AC93082937F34C0040D0AF /* Sources */ = {
			isa = PBXSourcesBuildPhase;
			buildActionMask = 2147483647;
			files = (
				214C6078293A3E3E00D47E6F /* container_for_convert_to_new_version_swift.swift in Sources */,
				21AC931C2939651C0040D0AF /* trash.swift in Sources */,
				21AC93102937F34C0040D0AF /* main.swift in Sources */,
			);
			runOnlyForDeploymentPostprocessing = 0;
		};
/* End PBXSourcesBuildPhase section */

/* Begin XCBuildConfiguration section */
		21AC93112937F34C0040D0AF /* Debug */ = {
			isa = XCBuildConfiguration;
			buildSettings = {
				ALWAYS_SEARCH_USER_PATHS = NO;
				CLANG_ANALYZER_NONNULL = YES;
				CLANG_ANALYZER_NUMBER_OBJECT_CONVERSION = YES_AGGRESSIVE;
				CLANG_CXX_LANGUAGE_STANDARD = "gnu++20";
				CLANG_ENABLE_MODULES = YES;
				CLANG_ENABLE_OBJC_ARC = YES;
				CLANG_ENABLE_OBJC_WEAK = YES;
				CLANG_WARN_BLOCK_CAPTURE_AUTORELEASING = YES;
				CLANG_WARN_BOOL_CONVERSION = YES;
				CLANG_WARN_COMMA = YES;
				CLANG_WARN_CONSTANT_CONVERSION = YES;
				CLANG_WARN_DEPRECATED_OBJC_IMPLEMENTATIONS = YES;
				CLANG_WARN_DIRECT_OBJC_ISA_USAGE = YES_ERROR;
				CLANG_WARN_DOCUMENTATION_COMMENTS = YES;
				CLANG_WARN_EMPTY_BODY = YES;
				CLANG_WARN_ENUM_CONVERSION = YES;
				CLANG_WARN_INFINITE_RECURSION = YES;
				CLANG_WARN_INT_CONVERSION = YES;
				CLANG_WARN_NON_LITERAL_NULL_CONVERSION = YES;
				CLANG_WARN_OBJC_IMPLICIT_RETAIN_SELF = YES;
				CLANG_WARN_OBJC_LITERAL_CONVERSION = YES;
				CLANG_WARN_OBJC_ROOT_CLASS = YES_ERROR;
				CLANG_WARN_QUOTED_INCLUDE_IN_FRAMEWORK_HEADER = YES;
				CLANG_WARN_RANGE_LOOP_ANALYSIS = YES;
				CLANG_WARN_STRICT_PROTOTYPES = YES;
				CLANG_WARN_SUSPICIOUS_MOVE = YES;
				CLANG_WARN_UNGUARDED_AVAILABILITY = YES_AGGRESSIVE;
				CLANG_WARN_UNREACHABLE_CODE = YES;
				CLANG_WARN__DUPLICATE_METHOD_MATCH = YES;
				COPY_PHASE_STRIP = NO;
				DEBUG_INFORMATION_FORMAT = dwarf;
				ENABLE_APP_SANDBOX = YES;
				ENABLE_STRICT_OBJC_MSGSEND = YES;
				ENABLE_TESTABILITY = YES;
				ENABLE_USER_SELECTED_FILES = readwrite;
				GCC_C_LANGUAGE_STANDARD = gnu11;
				GCC_DYNAMIC_NO_PIC = NO;
				GCC_NO_COMMON_BLOCKS = YES;
				GCC_OPTIMIZATION_LEVEL = 0;
				GCC_PREPROCESSOR_DEFINITIONS = (
					"DEBUG=1",
					"$(inherited)",
				);
				GCC_WARN_64_TO_32_BIT_CONVERSION = YES;
				GCC_WARN_ABOUT_RETURN_TYPE = YES_ERROR;
				GCC_WARN_UNDECLARED_SELECTOR = YES;
				GCC_WARN_UNINITIALIZED_AUTOS = YES_AGGRESSIVE;
				GCC_WARN_UNUSED_FUNCTION = YES;
				GCC_WARN_UNUSED_VARIABLE = YES;
				MACOSX_DEPLOYMENT_TARGET = 12.6;
				MTL_ENABLE_DEBUG_INFO = INCLUDE_SOURCE;
				MTL_FAST_MATH = YES;
				ONLY_ACTIVE_ARCH = YES;
				SDKROOT = macosx;
				SWIFT_ACTIVE_COMPILATION_CONDITIONS = DEBUG;
				SWIFT_OPTIMIZATION_LEVEL = "-Onone";
			};
			name = Debug;
		};
		21AC93122937F34C0040D0AF /* Release */ = {
			isa = XCBuildConfiguration;
			buildSettings = {
				ALWAYS_SEARCH_USER_PATHS = NO;
				CLANG_ANALYZER_NONNULL = YES;
				CLANG_ANALYZER_NUMBER_OBJECT_CONVERSION = YES_AGGRESSIVE;
				CLANG_CXX_LANGUAGE_STANDARD = "gnu++20";
				CLANG_ENABLE_MODULES = YES;
				CLANG_ENABLE_OBJC_ARC = YES;
				CLANG_ENABLE_OBJC_WEAK = YES;
				CLANG_WARN_BLOCK_CAPTURE_AUTORELEASING = YES;
				CLANG_WARN_BOOL_CONVERSION = YES;
				CLANG_WARN_COMMA = YES;
				CLANG_WARN_CONSTANT_CONVERSION = YES;
				CLANG_WARN_DEPRECATED_OBJC_IMPLEMENTATIONS = YES;
				CLANG_WARN_DIRECT_OBJC_ISA_USAGE = YES_ERROR;
				CLANG_WARN_DOCUMENTATION_COMMENTS = YES;
				CLANG_WARN_EMPTY_BODY = YES;
				CLANG_WARN_ENUM_CONVERSION = YES;
				CLANG_WARN_INFINITE_RECURSION = YES;
				CLANG_WARN_INT_CONVERSION = YES;
				CLANG_WARN_NON_LITERAL_NULL_CONVERSION = YES;
				CLANG_WARN_OBJC_IMPLICIT_RETAIN_SELF = YES;
				CLANG_WARN_OBJC_LITERAL_CONVERSION = YES;
				CLANG_WARN_OBJC_ROOT_CLASS = YES_ERROR;
				CLANG_WARN_QUOTED_INCLUDE_IN_FRAMEWORK_HEADER = YES;
				CLANG_WARN_RANGE_LOOP_ANALYSIS = YES;
				CLANG_WARN_STRICT_PROTOTYPES = YES;
				CLANG_WARN_SUSPICIOUS_MOVE = YES;
				CLANG_WARN_UNGUARDED_AVAILABILITY = YES_AGGRESSIVE;
				CLANG_WARN_UNREACHABLE_CODE = YES;
				CLANG_WARN__DUPLICATE_METHOD_MATCH = YES;
				COPY_PHASE_STRIP = NO;
				DEBUG_INFORMATION_FORMAT = "dwarf-with-dsym";
				ENABLE_APP_SANDBOX = YES;
				ENABLE_NS_ASSERTIONS = NO;
				ENABLE_STRICT_OBJC_MSGSEND = YES;
				ENABLE_USER_SELECTED_FILES = readwrite;
				GCC_C_LANGUAGE_STANDARD = gnu11;
				GCC_NO_COMMON_BLOCKS = YES;
				GCC_WARN_64_TO_32_BIT_CONVERSION = YES;
				GCC_WARN_ABOUT_RETURN_TYPE = YES_ERROR;
				GCC_WARN_UNDECLARED_SELECTOR = YES;
				GCC_WARN_UNINITIALIZED_AUTOS = YES_AGGRESSIVE;
				GCC_WARN_UNUSED_FUNCTION = YES;
				GCC_WARN_UNUSED_VARIABLE = YES;
				MACOSX_DEPLOYMENT_TARGET = 12.6;
				MTL_ENABLE_DEBUG_INFO = NO;
				MTL_FAST_MATH = YES;
				SDKROOT = macosx;
				SWIFT_COMPILATION_MODE = wholemodule;
				SWIFT_OPTIMIZATION_LEVEL = "-O";
			};
			name = Release;
		};
		21AC93142937F34C0040D0AF /* Debug */ = {
			isa = XCBuildConfiguration;
			buildSettings = {
				CODE_SIGN_STYLE = Automatic;
				ENABLE_APP_SANDBOX = NO;
				ENABLE_USER_SELECTED_FILES = readwrite;
				PRODUCT_NAME = "$(TARGET_NAME)";
				SWIFT_VERSION = 5.0;
			};
			name = Debug;
		};
		21AC93152937F34C0040D0AF /* Release */ = {
			isa = XCBuildConfiguration;
			buildSettings = {
				CODE_SIGN_STYLE = Automatic;
				ENABLE_APP_SANDBOX = NO;
				ENABLE_USER_SELECTED_FILES = readwrite;
				PRODUCT_NAME = "$(TARGET_NAME)";
				SWIFT_VERSION = 5.0;
			};
			name = Release;
		};
/* End XCBuildConfiguration section */

/* Begin XCConfigurationList section */
		21AC93072937F34B0040D0AF /* Build configuration list for PBXProject "HW_QA_PDF_Generator_CL_30_11_22" */ = {
			isa = XCConfigurationList;
			buildConfigurations = (
				21AC93112937F34C0040D0AF /* Debug */,
				21AC93122937F34C0040D0AF /* Release */,
			);
			defaultConfigurationIsVisible = 0;
			defaultConfigurationName = Release;
		};
		21AC93132937F34C0040D0AF /* Build configuration list for PBXNativeTarget "HW_QA_PDF_Generator_CL_30_11_22" */ = {
			isa = XCConfigurationList;
			buildConfigurations = (
				21AC93142937F34C0040D0AF /* Debug */,
				21AC93152937F34C0040D0AF /* Release */,
			);
			defaultConfigurationIsVisible = 0;
			defaultConfigurationName = Release;
		};
/* End XCConfigurationList section */
	};
	rootObject = 21AC93042937F34B0040D0AF /* Project object */;
}
